// !$*UTF8*$!
{
	archiveVersion = 1;
	classes = {
	};
	objectVersion = 55;
	objects = {

/* Begin PBXBuildFile section */
		5878312F27AECE3E008A36B2 /* AppDelegate.swift in Sources */ = {isa = PBXBuildFile; fileRef = 5878312E27AECE3E008A36B2 /* AppDelegate.swift */; };
		5878313127AECE3E008A36B2 /* SceneDelegate.swift in Sources */ = {isa = PBXBuildFile; fileRef = 5878313027AECE3E008A36B2 /* SceneDelegate.swift */; };
		5878313327AECE3E008A36B2 /* GameScreenViewController.swift in Sources */ = {isa = PBXBuildFile; fileRef = 5878313227AECE3E008A36B2 /* GameScreenViewController.swift */; };
		5878313627AECE3E008A36B2 /* Main.storyboard in Resources */ = {isa = PBXBuildFile; fileRef = 5878313427AECE3E008A36B2 /* Main.storyboard */; };
		5878313827AECE3E008A36B2 /* Assets.xcassets in Resources */ = {isa = PBXBuildFile; fileRef = 5878313727AECE3E008A36B2 /* Assets.xcassets */; };
		5878313B27AECE3E008A36B2 /* LaunchScreen.storyboard in Resources */ = {isa = PBXBuildFile; fileRef = 5878313927AECE3E008A36B2 /* LaunchScreen.storyboard */; };
		589AAB2627B912FD00B2272C /* Card.swift in Sources */ = {isa = PBXBuildFile; fileRef = 589AAB2527B912FD00B2272C /* Card.swift */; };
		589AAB2827B9130B00B2272C /* CardFlipGame.swift in Sources */ = {isa = PBXBuildFile; fileRef = 589AAB2727B9130B00B2272C /* CardFlipGame.swift */; };
		589AAB3227BA7D3200B2272C /* CollectionViewCell.swift in Sources */ = {isa = PBXBuildFile; fileRef = 589AAB3127BA7D3200B2272C /* CollectionViewCell.swift */; };
		58A2325927C4EB9300830B19 /* DownloadService.swift in Sources */ = {isa = PBXBuildFile; fileRef = 58A2325827C4EB9300830B19 /* DownloadService.swift */; };
		58A2325D27D25A1900830B19 /* UIImage+Resize.swift in Sources */ = {isa = PBXBuildFile; fileRef = 58A2325C27D25A1900830B19 /* UIImage+Resize.swift */; };
		58A5B28127D9336200B3BDFE /* CardFlipGameDelegate.swift in Sources */ = {isa = PBXBuildFile; fileRef = 58A5B28027D9336200B3BDFE /* CardFlipGameDelegate.swift */; };
		58DE645227F6191A00D173D1 /* MainScreenViewController.swift in Sources */ = {isa = PBXBuildFile; fileRef = 58DE645127F6191A00D173D1 /* MainScreenViewController.swift */; };
		58DE645527F62C2C00D173D1 /* DownloadServiceErrors.swift in Sources */ = {isa = PBXBuildFile; fileRef = 58DE645427F62C2B00D173D1 /* DownloadServiceErrors.swift */; };
/* End PBXBuildFile section */

/* Begin PBXFileReference section */
		5878312B27AECE3E008A36B2 /* CardFlip.app */ = {isa = PBXFileReference; explicitFileType = wrapper.application; includeInIndex = 0; path = CardFlip.app; sourceTree = BUILT_PRODUCTS_DIR; };
		5878312E27AECE3E008A36B2 /* AppDelegate.swift */ = {isa = PBXFileReference; lastKnownFileType = sourcecode.swift; path = AppDelegate.swift; sourceTree = "<group>"; };
		5878313027AECE3E008A36B2 /* SceneDelegate.swift */ = {isa = PBXFileReference; lastKnownFileType = sourcecode.swift; path = SceneDelegate.swift; sourceTree = "<group>"; };
		5878313227AECE3E008A36B2 /* GameScreenViewController.swift */ = {isa = PBXFileReference; lastKnownFileType = sourcecode.swift; path = GameScreenViewController.swift; sourceTree = "<group>"; };
		5878313527AECE3E008A36B2 /* Base */ = {isa = PBXFileReference; lastKnownFileType = file.storyboard; name = Base; path = Base.lproj/Main.storyboard; sourceTree = "<group>"; };
		5878313727AECE3E008A36B2 /* Assets.xcassets */ = {isa = PBXFileReference; lastKnownFileType = folder.assetcatalog; path = Assets.xcassets; sourceTree = "<group>"; };
		5878313A27AECE3E008A36B2 /* Base */ = {isa = PBXFileReference; lastKnownFileType = file.storyboard; name = Base; path = Base.lproj/LaunchScreen.storyboard; sourceTree = "<group>"; };
		5878313C27AECE3E008A36B2 /* Info.plist */ = {isa = PBXFileReference; lastKnownFileType = text.plist.xml; path = Info.plist; sourceTree = "<group>"; };
		589AAB2527B912FD00B2272C /* Card.swift */ = {isa = PBXFileReference; lastKnownFileType = sourcecode.swift; path = Card.swift; sourceTree = "<group>"; };
		589AAB2727B9130B00B2272C /* CardFlipGame.swift */ = {isa = PBXFileReference; lastKnownFileType = sourcecode.swift; path = CardFlipGame.swift; sourceTree = "<group>"; };
		589AAB3127BA7D3200B2272C /* CollectionViewCell.swift */ = {isa = PBXFileReference; lastKnownFileType = sourcecode.swift; path = CollectionViewCell.swift; sourceTree = "<group>"; };
		58A2325827C4EB9300830B19 /* DownloadService.swift */ = {isa = PBXFileReference; lastKnownFileType = sourcecode.swift; path = DownloadService.swift; sourceTree = "<group>"; };
		58A2325C27D25A1900830B19 /* UIImage+Resize.swift */ = {isa = PBXFileReference; lastKnownFileType = sourcecode.swift; path = "UIImage+Resize.swift"; sourceTree = "<group>"; };
		58A5B28027D9336200B3BDFE /* CardFlipGameDelegate.swift */ = {isa = PBXFileReference; lastKnownFileType = sourcecode.swift; path = CardFlipGameDelegate.swift; sourceTree = "<group>"; };
		58DE645127F6191A00D173D1 /* MainScreenViewController.swift */ = {isa = PBXFileReference; lastKnownFileType = sourcecode.swift; path = MainScreenViewController.swift; sourceTree = "<group>"; };
		58DE645427F62C2B00D173D1 /* DownloadServiceErrors.swift */ = {isa = PBXFileReference; lastKnownFileType = sourcecode.swift; path = DownloadServiceErrors.swift; sourceTree = "<group>"; };
/* End PBXFileReference section */

/* Begin PBXFrameworksBuildPhase section */
		5878312827AECE3E008A36B2 /* Frameworks */ = {
			isa = PBXFrameworksBuildPhase;
			buildActionMask = 2147483647;
			files = (
			);
			runOnlyForDeploymentPostprocessing = 0;
		};
/* End PBXFrameworksBuildPhase section */

/* Begin PBXGroup section */
		5878312227AECE3E008A36B2 = {
			isa = PBXGroup;
			children = (
				5878312D27AECE3E008A36B2 /* CardFlip */,
				5878312C27AECE3E008A36B2 /* Products */,
			);
			sourceTree = "<group>";
		};
		5878312C27AECE3E008A36B2 /* Products */ = {
			isa = PBXGroup;
			children = (
				5878312B27AECE3E008A36B2 /* CardFlip.app */,
			);
			name = Products;
			sourceTree = "<group>";
		};
		5878312D27AECE3E008A36B2 /* CardFlip */ = {
			isa = PBXGroup;
			children = (
				589AAB2E27B9196A00B2272C /* GameScreen */,
				58DE644F27F618E900D173D1 /* MainScreen */,
				58A2325B27D25A0300830B19 /* Extensions */,
				58A2325A27C4EBC800830B19 /* Services */,
				589AAB1E27AED2F600B2272C /* Storyboards */,
				589AAB1C27AED2B100B2272C /* Delegates */,
				58DE645327F62BE500D173D1 /* Errors */,
				589AAB2027AED31600B2272C /* Assets */,
			);
			path = CardFlip;
			sourceTree = "<group>";
		};
		589AAB1C27AED2B100B2272C /* Delegates */ = {
			isa = PBXGroup;
			children = (
				5878312E27AECE3E008A36B2 /* AppDelegate.swift */,
				5878313027AECE3E008A36B2 /* SceneDelegate.swift */,
			);
			path = Delegates;
			sourceTree = "<group>";
		};
		589AAB1E27AED2F600B2272C /* Storyboards */ = {
			isa = PBXGroup;
			children = (
				5878313927AECE3E008A36B2 /* LaunchScreen.storyboard */,
				5878313427AECE3E008A36B2 /* Main.storyboard */,
			);
			path = Storyboards;
			sourceTree = "<group>";
		};
		589AAB2027AED31600B2272C /* Assets */ = {
			isa = PBXGroup;
			children = (
				5878313727AECE3E008A36B2 /* Assets.xcassets */,
				5878313C27AECE3E008A36B2 /* Info.plist */,
			);
			name = Assets;
			sourceTree = "<group>";
		};
		589AAB2E27B9196A00B2272C /* GameScreen */ = {
			isa = PBXGroup;
			children = (
				58DE645627F62D1500D173D1 /* Delegates */,
				58DE644E27F618DB00D173D1 /* Cells */,
				58DE644D27F6155F00D173D1 /* Models */,
				58DE644C27F6155400D173D1 /* Controllers */,
			);
			path = GameScreen;
			sourceTree = "<group>";
		};
		58A2325A27C4EBC800830B19 /* Services */ = {
			isa = PBXGroup;
			children = (
				58A2325827C4EB9300830B19 /* DownloadService.swift */,
			);
			path = Services;
			sourceTree = "<group>";
		};
		58A2325B27D25A0300830B19 /* Extensions */ = {
			isa = PBXGroup;
			children = (
				58A2325C27D25A1900830B19 /* UIImage+Resize.swift */,
			);
			path = Extensions;
			sourceTree = "<group>";
		};
		58DE644C27F6155400D173D1 /* Controllers */ = {
			isa = PBXGroup;
			children = (
				5878313227AECE3E008A36B2 /* GameScreenViewController.swift */,
			);
			path = Controllers;
			sourceTree = "<group>";
		};
		58DE644D27F6155F00D173D1 /* Models */ = {
			isa = PBXGroup;
			children = (
				589AAB2727B9130B00B2272C /* CardFlipGame.swift */,
				589AAB2527B912FD00B2272C /* Card.swift */,
			);
			path = Models;
			sourceTree = "<group>";
		};
		58DE644E27F618DB00D173D1 /* Cells */ = {
			isa = PBXGroup;
			children = (
				589AAB3127BA7D3200B2272C /* CollectionViewCell.swift */,
			);
			path = Cells;
			sourceTree = "<group>";
		};
		58DE644F27F618E900D173D1 /* MainScreen */ = {
			isa = PBXGroup;
			children = (
				58DE645027F618FB00D173D1 /* Controllers */,
			);
			path = MainScreen;
			sourceTree = "<group>";
		};
		58DE645027F618FB00D173D1 /* Controllers */ = {
			isa = PBXGroup;
			children = (
				58DE645127F6191A00D173D1 /* MainScreenViewController.swift */,
			);
			path = Controllers;
			sourceTree = "<group>";
		};
		58DE645327F62BE500D173D1 /* Errors */ = {
			isa = PBXGroup;
			children = (
				58DE645427F62C2B00D173D1 /* DownloadServiceErrors.swift */,
			);
			path = Errors;
			sourceTree = "<group>";
		};
		58DE645627F62D1500D173D1 /* Delegates */ = {
			isa = PBXGroup;
			children = (
				58A5B28027D9336200B3BDFE /* CardFlipGameDelegate.swift */,
			);
			path = Delegates;
			sourceTree = "<group>";
		};
/* End PBXGroup section */

/* Begin PBXNativeTarget section */
		5878312A27AECE3E008A36B2 /* CardFlip */ = {
			isa = PBXNativeTarget;
			buildConfigurationList = 5878313F27AECE3E008A36B2 /* Build configuration list for PBXNativeTarget "CardFlip" */;
			buildPhases = (
				5878312727AECE3E008A36B2 /* Sources */,
				5878312827AECE3E008A36B2 /* Frameworks */,
				5878312927AECE3E008A36B2 /* Resources */,
			);
			buildRules = (
			);
			dependencies = (
			);
			name = CardFlip;
			productName = CardFlip;
			productReference = 5878312B27AECE3E008A36B2 /* CardFlip.app */;
			productType = "com.apple.product-type.application";
		};
/* End PBXNativeTarget section */

/* Begin PBXProject section */
		5878312327AECE3E008A36B2 /* Project object */ = {
			isa = PBXProject;
			attributes = {
				BuildIndependentTargetsInParallel = 1;
				LastSwiftUpdateCheck = 1320;
				LastUpgradeCheck = 1320;
				TargetAttributes = {
					5878312A27AECE3E008A36B2 = {
						CreatedOnToolsVersion = 13.2.1;
					};
				};
			};
			buildConfigurationList = 5878312627AECE3E008A36B2 /* Build configuration list for PBXProject "CardFlip" */;
			compatibilityVersion = "Xcode 13.0";
			developmentRegion = en;
			hasScannedForEncodings = 0;
			knownRegions = (
				en,
				Base,
			);
			mainGroup = 5878312227AECE3E008A36B2;
			productRefGroup = 5878312C27AECE3E008A36B2 /* Products */;
			projectDirPath = "";
			projectRoot = "";
			targets = (
				5878312A27AECE3E008A36B2 /* CardFlip */,
			);
		};
/* End PBXProject section */

/* Begin PBXResourcesBuildPhase section */
		5878312927AECE3E008A36B2 /* Resources */ = {
			isa = PBXResourcesBuildPhase;
			buildActionMask = 2147483647;
			files = (
				5878313B27AECE3E008A36B2 /* LaunchScreen.storyboard in Resources */,
				5878313827AECE3E008A36B2 /* Assets.xcassets in Resources */,
				5878313627AECE3E008A36B2 /* Main.storyboard in Resources */,
			);
			runOnlyForDeploymentPostprocessing = 0;
		};
/* End PBXResourcesBuildPhase section */

/* Begin PBXSourcesBuildPhase section */
		5878312727AECE3E008A36B2 /* Sources */ = {
			isa = PBXSourcesBuildPhase;
			buildActionMask = 2147483647;
			files = (
				5878313327AECE3E008A36B2 /* GameScreenViewController.swift in Sources */,
				58A2325927C4EB9300830B19 /* DownloadService.swift in Sources */,
				58DE645527F62C2C00D173D1 /* DownloadServiceErrors.swift in Sources */,
				589AAB2827B9130B00B2272C /* CardFlipGame.swift in Sources */,
				589AAB3227BA7D3200B2272C /* CollectionViewCell.swift in Sources */,
				58DE645227F6191A00D173D1 /* MainScreenViewController.swift in Sources */,
				5878312F27AECE3E008A36B2 /* AppDelegate.swift in Sources */,
				5878313127AECE3E008A36B2 /* SceneDelegate.swift in Sources */,
				589AAB2627B912FD00B2272C /* Card.swift in Sources */,
				58A2325D27D25A1900830B19 /* UIImage+Resize.swift in Sources */,
				58A5B28127D9336200B3BDFE /* CardFlipGameDelegate.swift in Sources */,
			);
			runOnlyForDeploymentPostprocessing = 0;
		};
/* End PBXSourcesBuildPhase section */

/* Begin PBXVariantGroup section */
		5878313427AECE3E008A36B2 /* Main.storyboard */ = {
			isa = PBXVariantGroup;
			children = (
				5878313527AECE3E008A36B2 /* Base */,
			);
			name = Main.storyboard;
			sourceTree = "<group>";
		};
		5878313927AECE3E008A36B2 /* LaunchScreen.storyboard */ = {
			isa = PBXVariantGroup;
			children = (
				5878313A27AECE3E008A36B2 /* Base */,
			);
			name = LaunchScreen.storyboard;
			sourceTree = "<group>";
		};
/* End PBXVariantGroup section */

/* Begin XCBuildConfiguration section */
		5878313D27AECE3E008A36B2 /* Debug */ = {
			isa = XCBuildConfiguration;
			buildSettings = {
				ALWAYS_SEARCH_USER_PATHS = NO;
				CLANG_ANALYZER_NONNULL = YES;
				CLANG_ANALYZER_NUMBER_OBJECT_CONVERSION = YES_AGGRESSIVE;
				CLANG_CXX_LANGUAGE_STANDARD = "gnu++17";
				CLANG_CXX_LIBRARY = "libc++";
				CLANG_ENABLE_MODULES = YES;
				CLANG_ENABLE_OBJC_ARC = YES;
				CLANG_ENABLE_OBJC_WEAK = YES;
				CLANG_WARN_BLOCK_CAPTURE_AUTORELEASING = YES;
				CLANG_WARN_BOOL_CONVERSION = YES;
				CLANG_WARN_COMMA = YES;
				CLANG_WARN_CONSTANT_CONVERSION = YES;
				CLANG_WARN_DEPRECATED_OBJC_IMPLEMENTATIONS = YES;
				CLANG_WARN_DIRECT_OBJC_ISA_USAGE = YES_ERROR;
				CLANG_WARN_DOCUMENTATION_COMMENTS = YES;
				CLANG_WARN_EMPTY_BODY = YES;
				CLANG_WARN_ENUM_CONVERSION = YES;
				CLANG_WARN_INFINITE_RECURSION = YES;
				CLANG_WARN_INT_CONVERSION = YES;
				CLANG_WARN_NON_LITERAL_NULL_CONVERSION = YES;
				CLANG_WARN_OBJC_IMPLICIT_RETAIN_SELF = YES;
				CLANG_WARN_OBJC_LITERAL_CONVERSION = YES;
				CLANG_WARN_OBJC_ROOT_CLASS = YES_ERROR;
				CLANG_WARN_QUOTED_INCLUDE_IN_FRAMEWORK_HEADER = YES;
				CLANG_WARN_RANGE_LOOP_ANALYSIS = YES;
				CLANG_WARN_STRICT_PROTOTYPES = YES;
				CLANG_WARN_SUSPICIOUS_MOVE = YES;
				CLANG_WARN_UNGUARDED_AVAILABILITY = YES_AGGRESSIVE;
				CLANG_WARN_UNREACHABLE_CODE = YES;
				CLANG_WARN__DUPLICATE_METHOD_MATCH = YES;
				COPY_PHASE_STRIP = NO;
				DEBUG_INFORMATION_FORMAT = dwarf;
				ENABLE_STRICT_OBJC_MSGSEND = YES;
				ENABLE_TESTABILITY = YES;
				GCC_C_LANGUAGE_STANDARD = gnu11;
				GCC_DYNAMIC_NO_PIC = NO;
				GCC_NO_COMMON_BLOCKS = YES;
				GCC_OPTIMIZATION_LEVEL = 0;
				GCC_PREPROCESSOR_DEFINITIONS = (
					"DEBUG=1",
					"$(inherited)",
				);
				GCC_WARN_64_TO_32_BIT_CONVERSION = YES;
				GCC_WARN_ABOUT_RETURN_TYPE = YES_ERROR;
				GCC_WARN_UNDECLARED_SELECTOR = YES;
				GCC_WARN_UNINITIALIZED_AUTOS = YES_AGGRESSIVE;
				GCC_WARN_UNUSED_FUNCTION = YES;
				GCC_WARN_UNUSED_VARIABLE = YES;
				IPHONEOS_DEPLOYMENT_TARGET = 15.2;
				MTL_ENABLE_DEBUG_INFO = INCLUDE_SOURCE;
				MTL_FAST_MATH = YES;
				ONLY_ACTIVE_ARCH = YES;
				SDKROOT = iphoneos;
				SWIFT_ACTIVE_COMPILATION_CONDITIONS = DEBUG;
				SWIFT_OPTIMIZATION_LEVEL = "-Onone";
			};
			name = Debug;
		};
		5878313E27AECE3E008A36B2 /* Release */ = {
			isa = XCBuildConfiguration;
			buildSettings = {
				ALWAYS_SEARCH_USER_PATHS = NO;
				CLANG_ANALYZER_NONNULL = YES;
				CLANG_ANALYZER_NUMBER_OBJECT_CONVERSION = YES_AGGRESSIVE;
				CLANG_CXX_LANGUAGE_STANDARD = "gnu++17";
				CLANG_CXX_LIBRARY = "libc++";
				CLANG_ENABLE_MODULES = YES;
				CLANG_ENABLE_OBJC_ARC = YES;
				CLANG_ENABLE_OBJC_WEAK = YES;
				CLANG_WARN_BLOCK_CAPTURE_AUTORELEASING = YES;
				CLANG_WARN_BOOL_CONVERSION = YES;
				CLANG_WARN_COMMA = YES;
				CLANG_WARN_CONSTANT_CONVERSION = YES;
				CLANG_WARN_DEPRECATED_OBJC_IMPLEMENTATIONS = YES;
				CLANG_WARN_DIRECT_OBJC_ISA_USAGE = YES_ERROR;
				CLANG_WARN_DOCUMENTATION_COMMENTS = YES;
				CLANG_WARN_EMPTY_BODY = YES;
				CLANG_WARN_ENUM_CONVERSION = YES;
				CLANG_WARN_INFINITE_RECURSION = YES;
				CLANG_WARN_INT_CONVERSION = YES;
				CLANG_WARN_NON_LITERAL_NULL_CONVERSION = YES;
				CLANG_WARN_OBJC_IMPLICIT_RETAIN_SELF = YES;
				CLANG_WARN_OBJC_LITERAL_CONVERSION = YES;
				CLANG_WARN_OBJC_ROOT_CLASS = YES_ERROR;
				CLANG_WARN_QUOTED_INCLUDE_IN_FRAMEWORK_HEADER = YES;
				CLANG_WARN_RANGE_LOOP_ANALYSIS = YES;
				CLANG_WARN_STRICT_PROTOTYPES = YES;
				CLANG_WARN_SUSPICIOUS_MOVE = YES;
				CLANG_WARN_UNGUARDED_AVAILABILITY = YES_AGGRESSIVE;
				CLANG_WARN_UNREACHABLE_CODE = YES;
				CLANG_WARN__DUPLICATE_METHOD_MATCH = YES;
				COPY_PHASE_STRIP = NO;
				DEBUG_INFORMATION_FORMAT = "dwarf-with-dsym";
				ENABLE_NS_ASSERTIONS = NO;
				ENABLE_STRICT_OBJC_MSGSEND = YES;
				GCC_C_LANGUAGE_STANDARD = gnu11;
				GCC_NO_COMMON_BLOCKS = YES;
				GCC_WARN_64_TO_32_BIT_CONVERSION = YES;
				GCC_WARN_ABOUT_RETURN_TYPE = YES_ERROR;
				GCC_WARN_UNDECLARED_SELECTOR = YES;
				GCC_WARN_UNINITIALIZED_AUTOS = YES_AGGRESSIVE;
				GCC_WARN_UNUSED_FUNCTION = YES;
				GCC_WARN_UNUSED_VARIABLE = YES;
				IPHONEOS_DEPLOYMENT_TARGET = 15.2;
				MTL_ENABLE_DEBUG_INFO = NO;
				MTL_FAST_MATH = YES;
				SDKROOT = iphoneos;
				SWIFT_COMPILATION_MODE = wholemodule;
				SWIFT_OPTIMIZATION_LEVEL = "-O";
				VALIDATE_PRODUCT = YES;
			};
			name = Release;
		};
		5878314027AECE3E008A36B2 /* Debug */ = {
			isa = XCBuildConfiguration;
			buildSettings = {
				ASSETCATALOG_COMPILER_APPICON_NAME = AppIcon;
				ASSETCATALOG_COMPILER_GLOBAL_ACCENT_COLOR_NAME = AccentColor;
				CODE_SIGN_STYLE = Automatic;
				CURRENT_PROJECT_VERSION = 1;
				DEVELOPMENT_TEAM = UKD97YFL53;
				GENERATE_INFOPLIST_FILE = YES;
				INFOPLIST_FILE = CardFlip/Info.plist;
				INFOPLIST_KEY_UIApplicationSupportsIndirectInputEvents = YES;
				INFOPLIST_KEY_UILaunchStoryboardName = LaunchScreen;
				INFOPLIST_KEY_UIMainStoryboardFile = Main;
				INFOPLIST_KEY_UISupportedInterfaceOrientations_iPad = "UIInterfaceOrientationPortrait UIInterfaceOrientationPortraitUpsideDown UIInterfaceOrientationLandscapeLeft UIInterfaceOrientationLandscapeRight";
				INFOPLIST_KEY_UISupportedInterfaceOrientations_iPhone = "UIInterfaceOrientationPortrait UIInterfaceOrientationLandscapeLeft UIInterfaceOrientationLandscapeRight";
				LD_RUNPATH_SEARCH_PATHS = (
					"$(inherited)",
					"@executable_path/Frameworks",
				);
				MARKETING_VERSION = 1.0;
				PRODUCT_BUNDLE_IDENTIFIER = com.iliksh.CardFlip;
				PRODUCT_NAME = "$(TARGET_NAME)";
				SWIFT_EMIT_LOC_STRINGS = YES;
				SWIFT_VERSION = 5.0;
				TARGETED_DEVICE_FAMILY = "1,2";
			};
			name = Debug;
		};
		5878314127AECE3E008A36B2 /* Release */ = {
			isa = XCBuildConfiguration;
			buildSettings = {
				ASSETCATALOG_COMPILER_APPICON_NAME = AppIcon;
				ASSETCATALOG_COMPILER_GLOBAL_ACCENT_COLOR_NAME = AccentColor;
				CODE_SIGN_STYLE = Automatic;
				CURRENT_PROJECT_VERSION = 1;
				DEVELOPMENT_TEAM = UKD97YFL53;
				GENERATE_INFOPLIST_FILE = YES;
				INFOPLIST_FILE = CardFlip/Info.plist;
				INFOPLIST_KEY_UIApplicationSupportsIndirectInputEvents = YES;
				INFOPLIST_KEY_UILaunchStoryboardName = LaunchScreen;
				INFOPLIST_KEY_UIMainStoryboardFile = Main;
				INFOPLIST_KEY_UISupportedInterfaceOrientations_iPad = "UIInterfaceOrientationPortrait UIInterfaceOrientationPortraitUpsideDown UIInterfaceOrientationLandscapeLeft UIInterfaceOrientationLandscapeRight";
				INFOPLIST_KEY_UISupportedInterfaceOrientations_iPhone = "UIInterfaceOrientationPortrait UIInterfaceOrientationLandscapeLeft UIInterfaceOrientationLandscapeRight";
				LD_RUNPATH_SEARCH_PATHS = (
					"$(inherited)",
					"@executable_path/Frameworks",
				);
				MARKETING_VERSION = 1.0;
				PRODUCT_BUNDLE_IDENTIFIER = com.iliksh.CardFlip;
				PRODUCT_NAME = "$(TARGET_NAME)";
				SWIFT_EMIT_LOC_STRINGS = YES;
				SWIFT_VERSION = 5.0;
				TARGETED_DEVICE_FAMILY = "1,2";
			};
			name = Release;
		};
/* End XCBuildConfiguration section */

/* Begin XCConfigurationList section */
		5878312627AECE3E008A36B2 /* Build configuration list for PBXProject "CardFlip" */ = {
			isa = XCConfigurationList;
			buildConfigurations = (
				5878313D27AECE3E008A36B2 /* Debug */,
				5878313E27AECE3E008A36B2 /* Release */,
			);
			defaultConfigurationIsVisible = 0;
			defaultConfigurationName = Release;
		};
		5878313F27AECE3E008A36B2 /* Build configuration list for PBXNativeTarget "CardFlip" */ = {
			isa = XCConfigurationList;
			buildConfigurations = (
				5878314027AECE3E008A36B2 /* Debug */,
				5878314127AECE3E008A36B2 /* Release */,
			);
			defaultConfigurationIsVisible = 0;
			defaultConfigurationName = Release;
		};
/* End XCConfigurationList section */
	};
	rootObject = 5878312327AECE3E008A36B2 /* Project object */;
}
